
Microsoft Visual Studio Solution File, Format Version 12.00
# Visual Studio Version 17
VisualStudioVersion = 17.2.32519.379
MinimumVisualStudioVersion = 10.0.40219.1
Project("{2150E333-8FDC-42A3-9474-1A3956D46DE8}") = "XEngine_HDRFile", "XEngine_HDRFile", "{D3A33095-8584-4EFB-9411-EBC38407E7B9}"
	ProjectSection(SolutionItems) = preProject
		XAuth_BuildSwitch.h = XAuth_BuildSwitch.h
		XAuth_Protocol.h = XAuth_Protocol.h
	EndProjectSection
EndProject
Project("{8BC9CEB8-8B4A-11D0-8D11-00A0C91BC942}") = "AuthorizeModule_Protocol", "AuthorizeModule_Protocol\AuthorizeModule_Protocol.vcxproj", "{6B926D00-DCD2-49E3-86A9-3230C9872E65}"
	ProjectSection(ProjectDependencies) = postProject
		{F1736B3F-03A2-4FC7-B045-A12BA8D724FB} = {F1736B3F-03A2-4FC7-B045-A12BA8D724FB}
	EndProjectSection
EndProject
Project("{8BC9CEB8-8B4A-11D0-8D11-00A0C91BC942}") = "AuthorizeModule_Configure", "AuthorizeModule_Configure\AuthorizeModule_Configure.vcxproj", "{1391B739-713B-4A3A-9233-FEAB92E0566C}"
	ProjectSection(ProjectDependencies) = postProject
		{F1736B3F-03A2-4FC7-B045-A12BA8D724FB} = {F1736B3F-03A2-4FC7-B045-A12BA8D724FB}
	EndProjectSection
EndProject
Project("{2150E333-8FDC-42A3-9474-1A3956D46DE8}") = "XEngine_APPService", "XEngine_APPService", "{2444CB54-6443-47F9-8D93-91237D0D05FB}"
EndProject
Project("{8BC9CEB8-8B4A-11D0-8D11-00A0C91BC942}") = "AuthorizeModule_Session", "AuthorizeModule_Session\AuthorizeModule_Session.vcxproj", "{CB9138DF-789D-459F-AD43-4095B22A487F}"
	ProjectSection(ProjectDependencies) = postProject
		{F1736B3F-03A2-4FC7-B045-A12BA8D724FB} = {F1736B3F-03A2-4FC7-B045-A12BA8D724FB}
	EndProjectSection
EndProject
Project("{8BC9CEB8-8B4A-11D0-8D11-00A0C91BC942}") = "AuthorizeModule_Database", "AuthorizeModule_Database\AuthorizeModule_Database.vcxproj", "{5FA1874A-32F4-4176-9C23-4E22BE183660}"
	ProjectSection(ProjectDependencies) = postProject
		{02A75BD0-416E-4AEF-BF34-BD85BD86384F} = {02A75BD0-416E-4AEF-BF34-BD85BD86384F}
		{F1736B3F-03A2-4FC7-B045-A12BA8D724FB} = {F1736B3F-03A2-4FC7-B045-A12BA8D724FB}
	EndProjectSection
EndProject
Project("{8BC9CEB8-8B4A-11D0-8D11-00A0C91BC942}") = "XEngine_AuthorizeService", "XEngine_APPService\XEngine_AuthorizeService\XEngine_AuthorizeService.vcxproj", "{A29DFD8D-2818-4BE3-A2DB-07F241B4BFC9}"
	ProjectSection(ProjectDependencies) = postProject
		{02A75BD0-416E-4AEF-BF34-BD85BD86384F} = {02A75BD0-416E-4AEF-BF34-BD85BD86384F}
		{1391B739-713B-4A3A-9233-FEAB92E0566C} = {1391B739-713B-4A3A-9233-FEAB92E0566C}
		{5FA1874A-32F4-4176-9C23-4E22BE183660} = {5FA1874A-32F4-4176-9C23-4E22BE183660}
		{6B926D00-DCD2-49E3-86A9-3230C9872E65} = {6B926D00-DCD2-49E3-86A9-3230C9872E65}
		{AB3DB24C-E1B3-41CF-B2F4-6C12E13C2894} = {AB3DB24C-E1B3-41CF-B2F4-6C12E13C2894}
		{CB9138DF-789D-459F-AD43-4095B22A487F} = {CB9138DF-789D-459F-AD43-4095B22A487F}
		{DD8CB5F1-980F-48C3-BA2F-3CF534903B14} = {DD8CB5F1-980F-48C3-BA2F-3CF534903B14}
		{F1736B3F-03A2-4FC7-B045-A12BA8D724FB} = {F1736B3F-03A2-4FC7-B045-A12BA8D724FB}
		{F6520D2C-BB8E-45BB-964B-F5D6A4318A89} = {F6520D2C-BB8E-45BB-964B-F5D6A4318A89}
	EndProjectSection
EndProject
Project("{8BC9CEB8-8B4A-11D0-8D11-00A0C91BC942}") = "XEngine_AuthorizeApp", "XEngine_APPService\XEngine_AuthorizeApp\XEngine_AuthorizeApp.vcxproj", "{51DCBDC7-50CB-4A44-B10B-FCF90309914D}"
	ProjectSection(ProjectDependencies) = postProject
		{02A75BD0-416E-4AEF-BF34-BD85BD86384F} = {02A75BD0-416E-4AEF-BF34-BD85BD86384F}
		{1391B739-713B-4A3A-9233-FEAB92E0566C} = {1391B739-713B-4A3A-9233-FEAB92E0566C}
		{AB3DB24C-E1B3-41CF-B2F4-6C12E13C2894} = {AB3DB24C-E1B3-41CF-B2F4-6C12E13C2894}
		{F1736B3F-03A2-4FC7-B045-A12BA8D724FB} = {F1736B3F-03A2-4FC7-B045-A12BA8D724FB}
	EndProjectSection
EndProject
Project("{8BC9CEB8-8B4A-11D0-8D11-00A0C91BC942}") = "AuthorizeModule_Help", "AuthorizeModule_Help\AuthorizeModule_Help.vcxproj", "{AB3DB24C-E1B3-41CF-B2F4-6C12E13C2894}"
	ProjectSection(ProjectDependencies) = postProject
		{F1736B3F-03A2-4FC7-B045-A12BA8D724FB} = {F1736B3F-03A2-4FC7-B045-A12BA8D724FB}
	EndProjectSection
EndProject
Project("{8BC9CEB8-8B4A-11D0-8D11-00A0C91BC942}") = "AuthorizeModule_Client", "AuthorizeModule_Client\AuthorizeModule_Client.vcxproj", "{DD8CB5F1-980F-48C3-BA2F-3CF534903B14}"
	ProjectSection(ProjectDependencies) = postProject
		{F1736B3F-03A2-4FC7-B045-A12BA8D724FB} = {F1736B3F-03A2-4FC7-B045-A12BA8D724FB}
	EndProjectSection
EndProject
Project("{2150E333-8FDC-42A3-9474-1A3956D46DE8}") = "XEngine_Depend", "XEngine_Depend", "{6444F125-63DE-4120-98B3-DF097A9758FA}"
EndProject
Project("{8BC9CEB8-8B4A-11D0-8D11-00A0C91BC942}") = "jsoncpp", "XEngine_Depend\XEngine_Module\jsoncpp\jsoncpp.vcxproj", "{F1736B3F-03A2-4FC7-B045-A12BA8D724FB}"
EndProject
Project("{8BC9CEB8-8B4A-11D0-8D11-00A0C91BC942}") = "XEngine_InfoReport", "XEngine_Depend\XEngine_Module\XEngine_InfoReport\XEngine_InfoReport.vcxproj", "{F6520D2C-BB8E-45BB-964B-F5D6A4318A89}"
	ProjectSection(ProjectDependencies) = postProject
		{F1736B3F-03A2-4FC7-B045-A12BA8D724FB} = {F1736B3F-03A2-4FC7-B045-A12BA8D724FB}
	EndProjectSection
EndProject
Project("{8BC9CEB8-8B4A-11D0-8D11-00A0C91BC942}") = "AuthorizeModule_CDKey", "AuthorizeModule_CDKey\AuthorizeModule_CDKey.vcxproj", "{02A75BD0-416E-4AEF-BF34-BD85BD86384F}"
	ProjectSection(ProjectDependencies) = postProject
		{F1736B3F-03A2-4FC7-B045-A12BA8D724FB} = {F1736B3F-03A2-4FC7-B045-A12BA8D724FB}
	EndProjectSection
EndProject
Global
	GlobalSection(SolutionConfigurationPlatforms) = preSolution
		Debug|x64 = Debug|x64
		Debug|x86 = Debug|x86
		Release|x64 = Release|x64
		Release|x86 = Release|x86
	EndGlobalSection
	GlobalSection(ProjectConfigurationPlatforms) = postSolution
		{6B926D00-DCD2-49E3-86A9-3230C9872E65}.Debug|x64.ActiveCfg = Debug|x64
		{6B926D00-DCD2-49E3-86A9-3230C9872E65}.Debug|x64.Build.0 = Debug|x64
		{6B926D00-DCD2-49E3-86A9-3230C9872E65}.Debug|x86.ActiveCfg = Debug|Win32
		{6B926D00-DCD2-49E3-86A9-3230C9872E65}.Debug|x86.Build.0 = Debug|Win32
		{6B926D00-DCD2-49E3-86A9-3230C9872E65}.Release|x64.ActiveCfg = Release|x64
		{6B926D00-DCD2-49E3-86A9-3230C9872E65}.Release|x64.Build.0 = Release|x64
		{6B926D00-DCD2-49E3-86A9-3230C9872E65}.Release|x86.ActiveCfg = Release|Win32
		{6B926D00-DCD2-49E3-86A9-3230C9872E65}.Release|x86.Build.0 = Release|Win32
		{1391B739-713B-4A3A-9233-FEAB92E0566C}.Debug|x64.ActiveCfg = Debug|x64
		{1391B739-713B-4A3A-9233-FEAB92E0566C}.Debug|x64.Build.0 = Debug|x64
		{1391B739-713B-4A3A-9233-FEAB92E0566C}.Debug|x86.ActiveCfg = Debug|Win32
		{1391B739-713B-4A3A-9233-FEAB92E0566C}.Debug|x86.Build.0 = Debug|Win32
		{1391B739-713B-4A3A-9233-FEAB92E0566C}.Release|x64.ActiveCfg = Release|x64
		{1391B739-713B-4A3A-9233-FEAB92E0566C}.Release|x64.Build.0 = Release|x64
		{1391B739-713B-4A3A-9233-FEAB92E0566C}.Release|x86.ActiveCfg = Release|Win32
		{1391B739-713B-4A3A-9233-FEAB92E0566C}.Release|x86.Build.0 = Release|Win32
		{CB9138DF-789D-459F-AD43-4095B22A487F}.Debug|x64.ActiveCfg = Debug|x64
		{CB9138DF-789D-459F-AD43-4095B22A487F}.Debug|x64.Build.0 = Debug|x64
		{CB9138DF-789D-459F-AD43-4095B22A487F}.Debug|x86.ActiveCfg = Debug|Win32
		{CB9138DF-789D-459F-AD43-4095B22A487F}.Debug|x86.Build.0 = Debug|Win32
		{CB9138DF-789D-459F-AD43-4095B22A487F}.Release|x64.ActiveCfg = Release|x64
		{CB9138DF-789D-459F-AD43-4095B22A487F}.Release|x64.Build.0 = Release|x64
		{CB9138DF-789D-459F-AD43-4095B22A487F}.Release|x86.ActiveCfg = Release|Win32
		{CB9138DF-789D-459F-AD43-4095B22A487F}.Release|x86.Build.0 = Release|Win32
		{5FA1874A-32F4-4176-9C23-4E22BE183660}.Debug|x64.ActiveCfg = Debug|x64
		{5FA1874A-32F4-4176-9C23-4E22BE183660}.Debug|x64.Build.0 = Debug|x64
		{5FA1874A-32F4-4176-9C23-4E22BE183660}.Debug|x86.ActiveCfg = Debug|Win32
		{5FA1874A-32F4-4176-9C23-4E22BE183660}.Debug|x86.Build.0 = Debug|Win32
		{5FA1874A-32F4-4176-9C23-4E22BE183660}.Release|x64.ActiveCfg = Release|x64
		{5FA1874A-32F4-4176-9C23-4E22BE183660}.Release|x64.Build.0 = Release|x64
		{5FA1874A-32F4-4176-9C23-4E22BE183660}.Release|x86.ActiveCfg = Release|Win32
		{5FA1874A-32F4-4176-9C23-4E22BE183660}.Release|x86.Build.0 = Release|Win32
		{A29DFD8D-2818-4BE3-A2DB-07F241B4BFC9}.Debug|x64.ActiveCfg = Debug|x64
		{A29DFD8D-2818-4BE3-A2DB-07F241B4BFC9}.Debug|x64.Build.0 = Debug|x64
		{A29DFD8D-2818-4BE3-A2DB-07F241B4BFC9}.Debug|x86.ActiveCfg = Debug|Win32
		{A29DFD8D-2818-4BE3-A2DB-07F241B4BFC9}.Debug|x86.Build.0 = Debug|Win32
		{A29DFD8D-2818-4BE3-A2DB-07F241B4BFC9}.Release|x64.ActiveCfg = Release|x64
		{A29DFD8D-2818-4BE3-A2DB-07F241B4BFC9}.Release|x64.Build.0 = Release|x64
		{A29DFD8D-2818-4BE3-A2DB-07F241B4BFC9}.Release|x86.ActiveCfg = Release|Win32
		{A29DFD8D-2818-4BE3-A2DB-07F241B4BFC9}.Release|x86.Build.0 = Release|Win32
		{51DCBDC7-50CB-4A44-B10B-FCF90309914D}.Debug|x64.ActiveCfg = Debug|x64
		{51DCBDC7-50CB-4A44-B10B-FCF90309914D}.Debug|x64.Build.0 = Debug|x64
		{51DCBDC7-50CB-4A44-B10B-FCF90309914D}.Debug|x86.ActiveCfg = Debug|Win32
		{51DCBDC7-50CB-4A44-B10B-FCF90309914D}.Debug|x86.Build.0 = Debug|Win32
		{51DCBDC7-50CB-4A44-B10B-FCF90309914D}.Release|x64.ActiveCfg = Release|x64
		{51DCBDC7-50CB-4A44-B10B-FCF90309914D}.Release|x64.Build.0 = Release|x64
		{51DCBDC7-50CB-4A44-B10B-FCF90309914D}.Release|x86.ActiveCfg = Release|Win32
		{51DCBDC7-50CB-4A44-B10B-FCF90309914D}.Release|x86.Build.0 = Release|Win32
		{AB3DB24C-E1B3-41CF-B2F4-6C12E13C2894}.Debug|x64.ActiveCfg = Debug|x64
		{AB3DB24C-E1B3-41CF-B2F4-6C12E13C2894}.Debug|x64.Build.0 = Debug|x64
		{AB3DB24C-E1B3-41CF-B2F4-6C12E13C2894}.Debug|x86.ActiveCfg = Debug|Win32
		{AB3DB24C-E1B3-41CF-B2F4-6C12E13C2894}.Debug|x86.Build.0 = Debug|Win32
		{AB3DB24C-E1B3-41CF-B2F4-6C12E13C2894}.Release|x64.ActiveCfg = Release|x64
		{AB3DB24C-E1B3-41CF-B2F4-6C12E13C2894}.Release|x64.Build.0 = Release|x64
		{AB3DB24C-E1B3-41CF-B2F4-6C12E13C2894}.Release|x86.ActiveCfg = Release|Win32
		{AB3DB24C-E1B3-41CF-B2F4-6C12E13C2894}.Release|x86.Build.0 = Release|Win32
		{DD8CB5F1-980F-48C3-BA2F-3CF534903B14}.Debug|x64.ActiveCfg = Debug|x64
		{DD8CB5F1-980F-48C3-BA2F-3CF534903B14}.Debug|x64.Build.0 = Debug|x64
		{DD8CB5F1-980F-48C3-BA2F-3CF534903B14}.Debug|x86.ActiveCfg = Debug|Win32
		{DD8CB5F1-980F-48C3-BA2F-3CF534903B14}.Debug|x86.Build.0 = Debug|Win32
		{DD8CB5F1-980F-48C3-BA2F-3CF534903B14}.Release|x64.ActiveCfg = Release|x64
		{DD8CB5F1-980F-48C3-BA2F-3CF534903B14}.Release|x64.Build.0 = Release|x64
		{DD8CB5F1-980F-48C3-BA2F-3CF534903B14}.Release|x86.ActiveCfg = Release|Win32
		{DD8CB5F1-980F-48C3-BA2F-3CF534903B14}.Release|x86.Build.0 = Release|Win32
		{F1736B3F-03A2-4FC7-B045-A12BA8D724FB}.Debug|x64.ActiveCfg = Debug|x64
		{F1736B3F-03A2-4FC7-B045-A12BA8D724FB}.Debug|x64.Build.0 = Debug|x64
		{F1736B3F-03A2-4FC7-B045-A12BA8D724FB}.Debug|x86.ActiveCfg = Debug|Win32
		{F1736B3F-03A2-4FC7-B045-A12BA8D724FB}.Debug|x86.Build.0 = Debug|Win32
		{F1736B3F-03A2-4FC7-B045-A12BA8D724FB}.Release|x64.ActiveCfg = Release|x64
		{F1736B3F-03A2-4FC7-B045-A12BA8D724FB}.Release|x64.Build.0 = Release|x64
		{F1736B3F-03A2-4FC7-B045-A12BA8D724FB}.Release|x86.ActiveCfg = Release|Win32
		{F1736B3F-03A2-4FC7-B045-A12BA8D724FB}.Release|x86.Build.0 = Release|Win32
		{F6520D2C-BB8E-45BB-964B-F5D6A4318A89}.Debug|x64.ActiveCfg = Debug|x64
		{F6520D2C-BB8E-45BB-964B-F5D6A4318A89}.Debug|x64.Build.0 = Debug|x64
		{F6520D2C-BB8E-45BB-964B-F5D6A4318A89}.Debug|x86.ActiveCfg = Debug|Win32
		{F6520D2C-BB8E-45BB-964B-F5D6A4318A89}.Debug|x86.Build.0 = Debug|Win32
		{F6520D2C-BB8E-45BB-964B-F5D6A4318A89}.Release|x64.ActiveCfg = Release|x64
		{F6520D2C-BB8E-45BB-964B-F5D6A4318A89}.Release|x64.Build.0 = Release|x64
		{F6520D2C-BB8E-45BB-964B-F5D6A4318A89}.Release|x86.ActiveCfg = Release|Win32
		{F6520D2C-BB8E-45BB-964B-F5D6A4318A89}.Release|x86.Build.0 = Release|Win32
		{02A75BD0-416E-4AEF-BF34-BD85BD86384F}.Debug|x64.ActiveCfg = Debug|x64
		{02A75BD0-416E-4AEF-BF34-BD85BD86384F}.Debug|x64.Build.0 = Debug|x64
		{02A75BD0-416E-4AEF-BF34-BD85BD86384F}.Debug|x86.ActiveCfg = Debug|Win32
		{02A75BD0-416E-4AEF-BF34-BD85BD86384F}.Debug|x86.Build.0 = Debug|Win32
		{02A75BD0-416E-4AEF-BF34-BD85BD86384F}.Release|x64.ActiveCfg = Release|x64
		{02A75BD0-416E-4AEF-BF34-BD85BD86384F}.Release|x64.Build.0 = Release|x64
		{02A75BD0-416E-4AEF-BF34-BD85BD86384F}.Release|x86.ActiveCfg = Release|Win32
		{02A75BD0-416E-4AEF-BF34-BD85BD86384F}.Release|x86.Build.0 = Release|Win32
	EndGlobalSection
	GlobalSection(SolutionProperties) = preSolution
		HideSolutionNode = FALSE
	EndGlobalSection
	GlobalSection(NestedProjects) = preSolution
		{A29DFD8D-2818-4BE3-A2DB-07F241B4BFC9} = {2444CB54-6443-47F9-8D93-91237D0D05FB}
		{51DCBDC7-50CB-4A44-B10B-FCF90309914D} = {2444CB54-6443-47F9-8D93-91237D0D05FB}
		{F1736B3F-03A2-4FC7-B045-A12BA8D724FB} = {6444F125-63DE-4120-98B3-DF097A9758FA}
		{F6520D2C-BB8E-45BB-964B-F5D6A4318A89} = {6444F125-63DE-4120-98B3-DF097A9758FA}
	EndGlobalSection
	GlobalSection(ExtensibilityGlobals) = postSolution
		SolutionGuid = {E1F1DDE3-8949-41AF-84D6-03CB7CAA03AB}
	EndGlobalSection
EndGlobal
